// !$*UTF8*$!
{
	archiveVersion = 1;
	classes = {
	};
	objectVersion = 50;
	objects = {

/* Begin PBXBuildFile section */
		EB1F1C8C2116F5F90004659B /* AppDelegate.swift in Sources */ = {isa = PBXBuildFile; fileRef = EB1F1C8B2116F5F90004659B /* AppDelegate.swift */; };
		EB1F1C8E2116F5F90004659B /* ViewController.swift in Sources */ = {isa = PBXBuildFile; fileRef = EB1F1C8D2116F5F90004659B /* ViewController.swift */; };
		EB1F1C912116F5F90004659B /* Main.storyboard in Resources */ = {isa = PBXBuildFile; fileRef = EB1F1C8F2116F5F90004659B /* Main.storyboard */; };
		EB1F1C942116F5F90004659B /* EnglishForStudents.xcdatamodeld in Sources */ = {isa = PBXBuildFile; fileRef = EB1F1C922116F5F90004659B /* EnglishForStudents.xcdatamodeld */; };
		EB1F1C962116F6020004659B /* Assets.xcassets in Resources */ = {isa = PBXBuildFile; fileRef = EB1F1C952116F6020004659B /* Assets.xcassets */; };
		EB1F1C992116F6020004659B /* LaunchScreen.storyboard in Resources */ = {isa = PBXBuildFile; fileRef = EB1F1C972116F6020004659B /* LaunchScreen.storyboard */; };
		EB1F1CA42116F6020004659B /* EnglishForStudentsTests.swift in Sources */ = {isa = PBXBuildFile; fileRef = EB1F1CA32116F6020004659B /* EnglishForStudentsTests.swift */; };
		EB1F1CAF2116F6020004659B /* EnglishForStudentsUITests.swift in Sources */ = {isa = PBXBuildFile; fileRef = EB1F1CAE2116F6020004659B /* EnglishForStudentsUITests.swift */; };
		EB1F1CC82116F85F0004659B /* bg_yellow.png in Resources */ = {isa = PBXBuildFile; fileRef = EB1F1CC32116F85F0004659B /* bg_yellow.png */; };
		EB1F1CC92116F85F0004659B /* ic_twitter_35.png in Resources */ = {isa = PBXBuildFile; fileRef = EB1F1CC42116F85F0004659B /* ic_twitter_35.png */; };
		EB1F1CCA2116F85F0004659B /* ic_menu.png in Resources */ = {isa = PBXBuildFile; fileRef = EB1F1CC52116F85F0004659B /* ic_menu.png */; };
		EB1F1CCB2116F85F0004659B /* ic_fb_35.png in Resources */ = {isa = PBXBuildFile; fileRef = EB1F1CC62116F85F0004659B /* ic_fb_35.png */; };
		EB1F1CCC2116F85F0004659B /* ic_google_35.png in Resources */ = {isa = PBXBuildFile; fileRef = EB1F1CC72116F85F0004659B /* ic_google_35.png */; };
		EB37791F2117E88500A339EE /* img2.jpeg in Resources */ = {isa = PBXBuildFile; fileRef = EB37791C2117E88400A339EE /* img2.jpeg */; };
		EB3779202117E88500A339EE /* img3.jpeg in Resources */ = {isa = PBXBuildFile; fileRef = EB37791D2117E88400A339EE /* img3.jpeg */; };
		EB3779212117E88500A339EE /* img1.jpg in Resources */ = {isa = PBXBuildFile; fileRef = EB37791E2117E88500A339EE /* img1.jpg */; };
		EB441350211706710011ABF3 /* CustomUIView.swift in Sources */ = {isa = PBXBuildFile; fileRef = EB44134F211706710011ABF3 /* CustomUIView.swift */; };
		EB441353211717CF0011ABF3 /* AppUtility.swift in Sources */ = {isa = PBXBuildFile; fileRef = EB441352211717CF0011ABF3 /* AppUtility.swift */; };
		EB44135521171A360011ABF3 /* NextLoginViewController.swift in Sources */ = {isa = PBXBuildFile; fileRef = EB44135421171A360011ABF3 /* NextLoginViewController.swift */; };
		EB4413582117292B0011ABF3 /* cellTableView.swift in Sources */ = {isa = PBXBuildFile; fileRef = EB4413572117292B0011ABF3 /* cellTableView.swift */; };
		EB44135C211748280011ABF3 /* ic_menu2.png in Resources */ = {isa = PBXBuildFile; fileRef = EB44135B211748280011ABF3 /* ic_menu2.png */; };
		EB450D1C211A113C004C1861 /* Linotte Semi Bold.otf in Resources */ = {isa = PBXBuildFile; fileRef = EB450D1A211A10F6004C1861 /* Linotte Semi Bold.otf */; };
		EB450D1D211A1140004C1861 /* Linotte Regular.otf in Resources */ = {isa = PBXBuildFile; fileRef = EB450D1B211A10F6004C1861 /* Linotte Regular.otf */; };
		EB450D1E211A1145004C1861 /* Linotte Bold.otf in Resources */ = {isa = PBXBuildFile; fileRef = EB450D17211A10F5004C1861 /* Linotte Bold.otf */; };
		EB7393FE211A27D9001EEB84 /* SliderSubView.xib in Resources */ = {isa = PBXBuildFile; fileRef = EB7393FD211A27D9001EEB84 /* SliderSubView.xib */; };
		EB739400211A27EF001EEB84 /* SliderSubView.swift in Sources */ = {isa = PBXBuildFile; fileRef = EB7393FF211A27EF001EEB84 /* SliderSubView.swift */; };
/* End PBXBuildFile section */

/* Begin PBXContainerItemProxy section */
		EB1F1CA02116F6020004659B /* PBXContainerItemProxy */ = {
			isa = PBXContainerItemProxy;
			containerPortal = EB1F1C802116F5F90004659B /* Project object */;
			proxyType = 1;
			remoteGlobalIDString = EB1F1C872116F5F90004659B;
			remoteInfo = EnglishForStudents;
		};
		EB1F1CAB2116F6020004659B /* PBXContainerItemProxy */ = {
			isa = PBXContainerItemProxy;
			containerPortal = EB1F1C802116F5F90004659B /* Project object */;
			proxyType = 1;
			remoteGlobalIDString = EB1F1C872116F5F90004659B;
			remoteInfo = EnglishForStudents;
		};
/* End PBXContainerItemProxy section */

/* Begin PBXFileReference section */
		EB1F1C882116F5F90004659B /* EnglishForStudents.app */ = {isa = PBXFileReference; explicitFileType = wrapper.application; includeInIndex = 0; path = EnglishForStudents.app; sourceTree = BUILT_PRODUCTS_DIR; };
		EB1F1C8B2116F5F90004659B /* AppDelegate.swift */ = {isa = PBXFileReference; lastKnownFileType = sourcecode.swift; path = AppDelegate.swift; sourceTree = "<group>"; };
		EB1F1C8D2116F5F90004659B /* ViewController.swift */ = {isa = PBXFileReference; lastKnownFileType = sourcecode.swift; path = ViewController.swift; sourceTree = "<group>"; };
		EB1F1C902116F5F90004659B /* Base */ = {isa = PBXFileReference; lastKnownFileType = file.storyboard; name = Base; path = Base.lproj/Main.storyboard; sourceTree = "<group>"; };
		EB1F1C932116F5F90004659B /* EnglishForStudents.xcdatamodel */ = {isa = PBXFileReference; lastKnownFileType = wrapper.xcdatamodel; path = EnglishForStudents.xcdatamodel; sourceTree = "<group>"; };
		EB1F1C952116F6020004659B /* Assets.xcassets */ = {isa = PBXFileReference; lastKnownFileType = folder.assetcatalog; path = Assets.xcassets; sourceTree = "<group>"; };
		EB1F1C982116F6020004659B /* Base */ = {isa = PBXFileReference; lastKnownFileType = file.storyboard; name = Base; path = Base.lproj/LaunchScreen.storyboard; sourceTree = "<group>"; };
		EB1F1C9A2116F6020004659B /* Info.plist */ = {isa = PBXFileReference; lastKnownFileType = text.plist.xml; path = Info.plist; sourceTree = "<group>"; };
		EB1F1C9F2116F6020004659B /* EnglishForStudentsTests.xctest */ = {isa = PBXFileReference; explicitFileType = wrapper.cfbundle; includeInIndex = 0; path = EnglishForStudentsTests.xctest; sourceTree = BUILT_PRODUCTS_DIR; };
		EB1F1CA32116F6020004659B /* EnglishForStudentsTests.swift */ = {isa = PBXFileReference; lastKnownFileType = sourcecode.swift; path = EnglishForStudentsTests.swift; sourceTree = "<group>"; };
		EB1F1CA52116F6020004659B /* Info.plist */ = {isa = PBXFileReference; lastKnownFileType = text.plist.xml; path = Info.plist; sourceTree = "<group>"; };
		EB1F1CAA2116F6020004659B /* EnglishForStudentsUITests.xctest */ = {isa = PBXFileReference; explicitFileType = wrapper.cfbundle; includeInIndex = 0; path = EnglishForStudentsUITests.xctest; sourceTree = BUILT_PRODUCTS_DIR; };
		EB1F1CAE2116F6020004659B /* EnglishForStudentsUITests.swift */ = {isa = PBXFileReference; lastKnownFileType = sourcecode.swift; path = EnglishForStudentsUITests.swift; sourceTree = "<group>"; };
		EB1F1CB02116F6020004659B /* Info.plist */ = {isa = PBXFileReference; lastKnownFileType = text.plist.xml; path = Info.plist; sourceTree = "<group>"; };
		EB1F1CC32116F85F0004659B /* bg_yellow.png */ = {isa = PBXFileReference; lastKnownFileType = image.png; path = bg_yellow.png; sourceTree = "<group>"; };
		EB1F1CC42116F85F0004659B /* ic_twitter_35.png */ = {isa = PBXFileReference; lastKnownFileType = image.png; path = ic_twitter_35.png; sourceTree = "<group>"; };
		EB1F1CC52116F85F0004659B /* ic_menu.png */ = {isa = PBXFileReference; lastKnownFileType = image.png; path = ic_menu.png; sourceTree = "<group>"; };
		EB1F1CC62116F85F0004659B /* ic_fb_35.png */ = {isa = PBXFileReference; lastKnownFileType = image.png; path = ic_fb_35.png; sourceTree = "<group>"; };
		EB1F1CC72116F85F0004659B /* ic_google_35.png */ = {isa = PBXFileReference; lastKnownFileType = image.png; path = ic_google_35.png; sourceTree = "<group>"; };
		EB37791C2117E88400A339EE /* img2.jpeg */ = {isa = PBXFileReference; lastKnownFileType = image.jpeg; path = img2.jpeg; sourceTree = "<group>"; };
		EB37791D2117E88400A339EE /* img3.jpeg */ = {isa = PBXFileReference; lastKnownFileType = image.jpeg; path = img3.jpeg; sourceTree = "<group>"; };
		EB37791E2117E88500A339EE /* img1.jpg */ = {isa = PBXFileReference; lastKnownFileType = image.jpeg; path = img1.jpg; sourceTree = "<group>"; };
		EB44134F211706710011ABF3 /* CustomUIView.swift */ = {isa = PBXFileReference; lastKnownFileType = sourcecode.swift; path = CustomUIView.swift; sourceTree = "<group>"; };
		EB441352211717CF0011ABF3 /* AppUtility.swift */ = {isa = PBXFileReference; lastKnownFileType = sourcecode.swift; path = AppUtility.swift; sourceTree = "<group>"; };
		EB44135421171A360011ABF3 /* NextLoginViewController.swift */ = {isa = PBXFileReference; lastKnownFileType = sourcecode.swift; path = NextLoginViewController.swift; sourceTree = "<group>"; };
		EB4413572117292B0011ABF3 /* cellTableView.swift */ = {isa = PBXFileReference; lastKnownFileType = sourcecode.swift; path = cellTableView.swift; sourceTree = "<group>"; };
		EB44135B211748280011ABF3 /* ic_menu2.png */ = {isa = PBXFileReference; lastKnownFileType = image.png; path = ic_menu2.png; sourceTree = "<group>"; };
		EB450D17211A10F5004C1861 /* Linotte Bold.otf */ = {isa = PBXFileReference; lastKnownFileType = file; path = "Linotte Bold.otf"; sourceTree = "<group>"; };
		EB450D18211A10F5004C1861 /* Linotte Heavy.otf */ = {isa = PBXFileReference; lastKnownFileType = file; path = "Linotte Heavy.otf"; sourceTree = "<group>"; };
		EB450D19211A10F6004C1861 /* Linotte Light.otf */ = {isa = PBXFileReference; lastKnownFileType = file; path = "Linotte Light.otf"; sourceTree = "<group>"; };
		EB450D1A211A10F6004C1861 /* Linotte Semi Bold.otf */ = {isa = PBXFileReference; lastKnownFileType = file; path = "Linotte Semi Bold.otf"; sourceTree = "<group>"; };
		EB450D1B211A10F6004C1861 /* Linotte Regular.otf */ = {isa = PBXFileReference; lastKnownFileType = file; path = "Linotte Regular.otf"; sourceTree = "<group>"; };
		EB7393FD211A27D9001EEB84 /* SliderSubView.xib */ = {isa = PBXFileReference; lastKnownFileType = file.xib; path = SliderSubView.xib; sourceTree = "<group>"; };
		EB7393FF211A27EF001EEB84 /* SliderSubView.swift */ = {isa = PBXFileReference; lastKnownFileType = sourcecode.swift; path = SliderSubView.swift; sourceTree = "<group>"; };
/* End PBXFileReference section */

/* Begin PBXFrameworksBuildPhase section */
		EB1F1C852116F5F90004659B /* Frameworks */ = {
			isa = PBXFrameworksBuildPhase;
			buildActionMask = 2147483647;
			files = (
			);
			runOnlyForDeploymentPostprocessing = 0;
		};
		EB1F1C9C2116F6020004659B /* Frameworks */ = {
			isa = PBXFrameworksBuildPhase;
			buildActionMask = 2147483647;
			files = (
			);
			runOnlyForDeploymentPostprocessing = 0;
		};
		EB1F1CA72116F6020004659B /* Frameworks */ = {
			isa = PBXFrameworksBuildPhase;
			buildActionMask = 2147483647;
			files = (
			);
			runOnlyForDeploymentPostprocessing = 0;
		};
/* End PBXFrameworksBuildPhase section */

/* Begin PBXGroup section */
		EB1F1C7F2116F5F90004659B = {
			isa = PBXGroup;
			children = (
				EB1F1C8A2116F5F90004659B /* EnglishForStudents */,
				EB1F1CA22116F6020004659B /* EnglishForStudentsTests */,
				EB1F1CAD2116F6020004659B /* EnglishForStudentsUITests */,
				EB1F1C892116F5F90004659B /* Products */,
			);
			sourceTree = "<group>";
		};
		EB1F1C892116F5F90004659B /* Products */ = {
			isa = PBXGroup;
			children = (
				EB1F1C882116F5F90004659B /* EnglishForStudents.app */,
				EB1F1C9F2116F6020004659B /* EnglishForStudentsTests.xctest */,
				EB1F1CAA2116F6020004659B /* EnglishForStudentsUITests.xctest */,
			);
			name = Products;
			sourceTree = "<group>";
		};
		EB1F1C8A2116F5F90004659B /* EnglishForStudents */ = {
			isa = PBXGroup;
			children = (
				EB450D16211A1043004C1861 /* Fonts */,
				EB1F1CC12116F7F70004659B /* Res */,
				EB1F1CC02116F7C80004659B /* ExeptionHandle */,
				EB1F1CBF2116F7BF0004659B /* View */,
				EB1F1CBE2116F7B50004659B /* Controller */,
				EB1F1CBC2116F7A00004659B /* Model */,
				EB1F1C8B2116F5F90004659B /* AppDelegate.swift */,
				EB1F1C952116F6020004659B /* Assets.xcassets */,
				EB1F1C972116F6020004659B /* LaunchScreen.storyboard */,
				EB1F1C9A2116F6020004659B /* Info.plist */,
				EB1F1C922116F5F90004659B /* EnglishForStudents.xcdatamodeld */,
			);
			path = EnglishForStudents;
			sourceTree = "<group>";
		};
		EB1F1CA22116F6020004659B /* EnglishForStudentsTests */ = {
			isa = PBXGroup;
			children = (
				EB1F1CA32116F6020004659B /* EnglishForStudentsTests.swift */,
				EB1F1CA52116F6020004659B /* Info.plist */,
			);
			path = EnglishForStudentsTests;
			sourceTree = "<group>";
		};
		EB1F1CAD2116F6020004659B /* EnglishForStudentsUITests */ = {
			isa = PBXGroup;
			children = (
				EB1F1CAE2116F6020004659B /* EnglishForStudentsUITests.swift */,
				EB1F1CB02116F6020004659B /* Info.plist */,
			);
			path = EnglishForStudentsUITests;
			sourceTree = "<group>";
		};
		EB1F1CBC2116F7A00004659B /* Model */ = {
			isa = PBXGroup;
			children = (
				EB441356211729100011ABF3 /* Classes */,
				EB441351211717540011ABF3 /* Structs */,
			);
			path = Model;
			sourceTree = "<group>";
		};
		EB1F1CBE2116F7B50004659B /* Controller */ = {
			isa = PBXGroup;
			children = (
				EB1F1C8D2116F5F90004659B /* ViewController.swift */,
				EB44135421171A360011ABF3 /* NextLoginViewController.swift */,
			);
			path = Controller;
			sourceTree = "<group>";
		};
		EB1F1CBF2116F7BF0004659B /* View */ = {
			isa = PBXGroup;
			children = (
				EB450D11211A0EC1004C1861 /* Elements */,
				EB1F1C8F2116F5F90004659B /* Main.storyboard */,
				EB44134F211706710011ABF3 /* CustomUIView.swift */,
			);
			path = View;
			sourceTree = "<group>";
		};
		EB1F1CC02116F7C80004659B /* ExeptionHandle */ = {
			isa = PBXGroup;
			children = (
			);
			path = ExeptionHandle;
			sourceTree = "<group>";
		};
		EB1F1CC12116F7F70004659B /* Res */ = {
			isa = PBXGroup;
			children = (
				EB1F1CC22116F8230004659B /* Images */,
			);
			path = Res;
			sourceTree = "<group>";
		};
		EB1F1CC22116F8230004659B /* Images */ = {
			isa = PBXGroup;
			children = (
				EB37791E2117E88500A339EE /* img1.jpg */,
				EB37791C2117E88400A339EE /* img2.jpeg */,
				EB37791D2117E88400A339EE /* img3.jpeg */,
				EB44135B211748280011ABF3 /* ic_menu2.png */,
				EB1F1CC32116F85F0004659B /* bg_yellow.png */,
				EB1F1CC62116F85F0004659B /* ic_fb_35.png */,
				EB1F1CC72116F85F0004659B /* ic_google_35.png */,
				EB1F1CC42116F85F0004659B /* ic_twitter_35.png */,
				EB1F1CC52116F85F0004659B /* ic_menu.png */,
			);
			path = Images;
			sourceTree = "<group>";
		};
		EB441351211717540011ABF3 /* Structs */ = {
			isa = PBXGroup;
			children = (
				EB441352211717CF0011ABF3 /* AppUtility.swift */,
			);
			name = Structs;
			path = "New Group";
			sourceTree = "<group>";
		};
		EB441356211729100011ABF3 /* Classes */ = {
			isa = PBXGroup;
			children = (
				EB4413572117292B0011ABF3 /* cellTableView.swift */,
			);
			path = Classes;
			sourceTree = "<group>";
		};
		EB450D11211A0EC1004C1861 /* Elements */ = {
			isa = PBXGroup;
			children = (
				EB7393FD211A27D9001EEB84 /* SliderSubView.xib */,
				EB7393FF211A27EF001EEB84 /* SliderSubView.swift */,
			);
			path = Elements;
			sourceTree = "<group>";
		};
		EB450D16211A1043004C1861 /* Fonts */ = {
			isa = PBXGroup;
			children = (
				EB450D17211A10F5004C1861 /* Linotte Bold.otf */,
				EB450D18211A10F5004C1861 /* Linotte Heavy.otf */,
				EB450D19211A10F6004C1861 /* Linotte Light.otf */,
				EB450D1B211A10F6004C1861 /* Linotte Regular.otf */,
				EB450D1A211A10F6004C1861 /* Linotte Semi Bold.otf */,
			);
			path = Fonts;
			sourceTree = "<group>";
		};
/* End PBXGroup section */

/* Begin PBXNativeTarget section */
		EB1F1C872116F5F90004659B /* EnglishForStudents */ = {
			isa = PBXNativeTarget;
			buildConfigurationList = EB1F1CB32116F6020004659B /* Build configuration list for PBXNativeTarget "EnglishForStudents" */;
			buildPhases = (
				EB1F1C842116F5F90004659B /* Sources */,
				EB1F1C852116F5F90004659B /* Frameworks */,
				EB1F1C862116F5F90004659B /* Resources */,
			);
			buildRules = (
			);
			dependencies = (
			);
			name = EnglishForStudents;
			productName = EnglishForStudents;
			productReference = EB1F1C882116F5F90004659B /* EnglishForStudents.app */;
			productType = "com.apple.product-type.application";
		};
		EB1F1C9E2116F6020004659B /* EnglishForStudentsTests */ = {
			isa = PBXNativeTarget;
			buildConfigurationList = EB1F1CB62116F6020004659B /* Build configuration list for PBXNativeTarget "EnglishForStudentsTests" */;
			buildPhases = (
				EB1F1C9B2116F6020004659B /* Sources */,
				EB1F1C9C2116F6020004659B /* Frameworks */,
				EB1F1C9D2116F6020004659B /* Resources */,
			);
			buildRules = (
			);
			dependencies = (
				EB1F1CA12116F6020004659B /* PBXTargetDependency */,
			);
			name = EnglishForStudentsTests;
			productName = EnglishForStudentsTests;
			productReference = EB1F1C9F2116F6020004659B /* EnglishForStudentsTests.xctest */;
			productType = "com.apple.product-type.bundle.unit-test";
		};
		EB1F1CA92116F6020004659B /* EnglishForStudentsUITests */ = {
			isa = PBXNativeTarget;
			buildConfigurationList = EB1F1CB92116F6020004659B /* Build configuration list for PBXNativeTarget "EnglishForStudentsUITests" */;
			buildPhases = (
				EB1F1CA62116F6020004659B /* Sources */,
				EB1F1CA72116F6020004659B /* Frameworks */,
				EB1F1CA82116F6020004659B /* Resources */,
			);
			buildRules = (
			);
			dependencies = (
				EB1F1CAC2116F6020004659B /* PBXTargetDependency */,
			);
			name = EnglishForStudentsUITests;
			productName = EnglishForStudentsUITests;
			productReference = EB1F1CAA2116F6020004659B /* EnglishForStudentsUITests.xctest */;
			productType = "com.apple.product-type.bundle.ui-testing";
		};
/* End PBXNativeTarget section */

/* Begin PBXProject section */
		EB1F1C802116F5F90004659B /* Project object */ = {
			isa = PBXProject;
			attributes = {
				LastSwiftUpdateCheck = 0940;
				LastUpgradeCheck = 0940;
				ORGANIZATIONNAME = "Nguyen Store";
				TargetAttributes = {
					EB1F1C872116F5F90004659B = {
						CreatedOnToolsVersion = 9.4.1;
					};
					EB1F1C9E2116F6020004659B = {
						CreatedOnToolsVersion = 9.4.1;
						TestTargetID = EB1F1C872116F5F90004659B;
					};
					EB1F1CA92116F6020004659B = {
						CreatedOnToolsVersion = 9.4.1;
						TestTargetID = EB1F1C872116F5F90004659B;
					};
				};
			};
			buildConfigurationList = EB1F1C832116F5F90004659B /* Build configuration list for PBXProject "EnglishForStudents" */;
			compatibilityVersion = "Xcode 9.3";
			developmentRegion = en;
			hasScannedForEncodings = 0;
			knownRegions = (
				en,
				Base,
			);
			mainGroup = EB1F1C7F2116F5F90004659B;
			productRefGroup = EB1F1C892116F5F90004659B /* Products */;
			projectDirPath = "";
			projectRoot = "";
			targets = (
				EB1F1C872116F5F90004659B /* EnglishForStudents */,
				EB1F1C9E2116F6020004659B /* EnglishForStudentsTests */,
				EB1F1CA92116F6020004659B /* EnglishForStudentsUITests */,
			);
		};
/* End PBXProject section */

/* Begin PBXResourcesBuildPhase section */
		EB1F1C862116F5F90004659B /* Resources */ = {
			isa = PBXResourcesBuildPhase;
			buildActionMask = 2147483647;
			files = (
				EB37791F2117E88500A339EE /* img2.jpeg in Resources */,
				EB3779212117E88500A339EE /* img1.jpg in Resources */,
				EB3779202117E88500A339EE /* img3.jpeg in Resources */,
				EB1F1CC92116F85F0004659B /* ic_twitter_35.png in Resources */,
				EB1F1CCC2116F85F0004659B /* ic_google_35.png in Resources */,
				EB1F1C992116F6020004659B /* LaunchScreen.storyboard in Resources */,
				EB450D1E211A1145004C1861 /* Linotte Bold.otf in Resources */,
				EB1F1CCA2116F85F0004659B /* ic_menu.png in Resources */,
				EB1F1CCB2116F85F0004659B /* ic_fb_35.png in Resources */,
				EB1F1C962116F6020004659B /* Assets.xcassets in Resources */,
				EB7393FE211A27D9001EEB84 /* SliderSubView.xib in Resources */,
				EB44135C211748280011ABF3 /* ic_menu2.png in Resources */,
				EB1F1C912116F5F90004659B /* Main.storyboard in Resources */,
				EB450D1C211A113C004C1861 /* Linotte Semi Bold.otf in Resources */,
				EB1F1CC82116F85F0004659B /* bg_yellow.png in Resources */,
				EB450D1D211A1140004C1861 /* Linotte Regular.otf in Resources */,
			);
			runOnlyForDeploymentPostprocessing = 0;
		};
		EB1F1C9D2116F6020004659B /* Resources */ = {
			isa = PBXResourcesBuildPhase;
			buildActionMask = 2147483647;
			files = (
			);
			runOnlyForDeploymentPostprocessing = 0;
		};
		EB1F1CA82116F6020004659B /* Resources */ = {
			isa = PBXResourcesBuildPhase;
			buildActionMask = 2147483647;
			files = (
			);
			runOnlyForDeploymentPostprocessing = 0;
		};
/* End PBXResourcesBuildPhase section */

/* Begin PBXSourcesBuildPhase section */
		EB1F1C842116F5F90004659B /* Sources */ = {
			isa = PBXSourcesBuildPhase;
			buildActionMask = 2147483647;
			files = (
				EB1F1C942116F5F90004659B /* EnglishForStudents.xcdatamodeld in Sources */,
				EB44135521171A360011ABF3 /* NextLoginViewController.swift in Sources */,
				EB441350211706710011ABF3 /* CustomUIView.swift in Sources */,
				EB441353211717CF0011ABF3 /* AppUtility.swift in Sources */,
				EB1F1C8E2116F5F90004659B /* ViewController.swift in Sources */,
				EB1F1C8C2116F5F90004659B /* AppDelegate.swift in Sources */,
				EB739400211A27EF001EEB84 /* SliderSubView.swift in Sources */,
				EB4413582117292B0011ABF3 /* cellTableView.swift in Sources */,
			);
			runOnlyForDeploymentPostprocessing = 0;
		};
		EB1F1C9B2116F6020004659B /* Sources */ = {
			isa = PBXSourcesBuildPhase;
			buildActionMask = 2147483647;
			files = (
				EB1F1CA42116F6020004659B /* EnglishForStudentsTests.swift in Sources */,
			);
			runOnlyForDeploymentPostprocessing = 0;
		};
		EB1F1CA62116F6020004659B /* Sources */ = {
			isa = PBXSourcesBuildPhase;
			buildActionMask = 2147483647;
			files = (
				EB1F1CAF2116F6020004659B /* EnglishForStudentsUITests.swift in Sources */,
			);
			runOnlyForDeploymentPostprocessing = 0;
		};
/* End PBXSourcesBuildPhase section */

/* Begin PBXTargetDependency section */
		EB1F1CA12116F6020004659B /* PBXTargetDependency */ = {
			isa = PBXTargetDependency;
			target = EB1F1C872116F5F90004659B /* EnglishForStudents */;
			targetProxy = EB1F1CA02116F6020004659B /* PBXContainerItemProxy */;
		};
		EB1F1CAC2116F6020004659B /* PBXTargetDependency */ = {
			isa = PBXTargetDependency;
			target = EB1F1C872116F5F90004659B /* EnglishForStudents */;
			targetProxy = EB1F1CAB2116F6020004659B /* PBXContainerItemProxy */;
		};
/* End PBXTargetDependency section */

/* Begin PBXVariantGroup section */
		EB1F1C8F2116F5F90004659B /* Main.storyboard */ = {
			isa = PBXVariantGroup;
			children = (
				EB1F1C902116F5F90004659B /* Base */,
			);
			name = Main.storyboard;
			sourceTree = "<group>";
		};
		EB1F1C972116F6020004659B /* LaunchScreen.storyboard */ = {
			isa = PBXVariantGroup;
			children = (
				EB1F1C982116F6020004659B /* Base */,
			);
			name = LaunchScreen.storyboard;
			sourceTree = "<group>";
		};
/* End PBXVariantGroup section */

/* Begin XCBuildConfiguration section */
		EB1F1CB12116F6020004659B /* Debug */ = {
			isa = XCBuildConfiguration;
			buildSettings = {
				ALWAYS_SEARCH_USER_PATHS = NO;
				CLANG_ANALYZER_NONNULL = YES;
				CLANG_ANALYZER_NUMBER_OBJECT_CONVERSION = YES_AGGRESSIVE;
				CLANG_CXX_LANGUAGE_STANDARD = "gnu++14";
				CLANG_CXX_LIBRARY = "libc++";
				CLANG_ENABLE_MODULES = YES;
				CLANG_ENABLE_OBJC_ARC = YES;
				CLANG_ENABLE_OBJC_WEAK = YES;
				CLANG_WARN_BLOCK_CAPTURE_AUTORELEASING = YES;
				CLANG_WARN_BOOL_CONVERSION = YES;
				CLANG_WARN_COMMA = YES;
				CLANG_WARN_CONSTANT_CONVERSION = YES;
				CLANG_WARN_DEPRECATED_OBJC_IMPLEMENTATIONS = YES;
				CLANG_WARN_DIRECT_OBJC_ISA_USAGE = YES_ERROR;
				CLANG_WARN_DOCUMENTATION_COMMENTS = YES;
				CLANG_WARN_EMPTY_BODY = YES;
				CLANG_WARN_ENUM_CONVERSION = YES;
				CLANG_WARN_INFINITE_RECURSION = YES;
				CLANG_WARN_INT_CONVERSION = YES;
				CLANG_WARN_NON_LITERAL_NULL_CONVERSION = YES;
				CLANG_WARN_OBJC_IMPLICIT_RETAIN_SELF = YES;
				CLANG_WARN_OBJC_LITERAL_CONVERSION = YES;
				CLANG_WARN_OBJC_ROOT_CLASS = YES_ERROR;
				CLANG_WARN_RANGE_LOOP_ANALYSIS = YES;
				CLANG_WARN_STRICT_PROTOTYPES = YES;
				CLANG_WARN_SUSPICIOUS_MOVE = YES;
				CLANG_WARN_UNGUARDED_AVAILABILITY = YES_AGGRESSIVE;
				CLANG_WARN_UNREACHABLE_CODE = YES;
				CLANG_WARN__DUPLICATE_METHOD_MATCH = YES;
				CODE_SIGN_IDENTITY = "iPhone Developer";
				COPY_PHASE_STRIP = NO;
				DEBUG_INFORMATION_FORMAT = dwarf;
				ENABLE_STRICT_OBJC_MSGSEND = YES;
				ENABLE_TESTABILITY = YES;
				GCC_C_LANGUAGE_STANDARD = gnu11;
				GCC_DYNAMIC_NO_PIC = NO;
				GCC_NO_COMMON_BLOCKS = YES;
				GCC_OPTIMIZATION_LEVEL = 0;
				GCC_PREPROCESSOR_DEFINITIONS = (
					"DEBUG=1",
					"$(inherited)",
				);
				GCC_WARN_64_TO_32_BIT_CONVERSION = YES;
				GCC_WARN_ABOUT_RETURN_TYPE = YES_ERROR;
				GCC_WARN_UNDECLARED_SELECTOR = YES;
				GCC_WARN_UNINITIALIZED_AUTOS = YES_AGGRESSIVE;
				GCC_WARN_UNUSED_FUNCTION = YES;
				GCC_WARN_UNUSED_VARIABLE = YES;
				IPHONEOS_DEPLOYMENT_TARGET = 11.4;
				MTL_ENABLE_DEBUG_INFO = YES;
				ONLY_ACTIVE_ARCH = YES;
				SDKROOT = iphoneos;
				SWIFT_ACTIVE_COMPILATION_CONDITIONS = DEBUG;
				SWIFT_OPTIMIZATION_LEVEL = "-Onone";
			};
			name = Debug;
		};
		EB1F1CB22116F6020004659B /* Release */ = {
			isa = XCBuildConfiguration;
			buildSettings = {
				ALWAYS_SEARCH_USER_PATHS = NO;
				CLANG_ANALYZER_NONNULL = YES;
				CLANG_ANALYZER_NUMBER_OBJECT_CONVERSION = YES_AGGRESSIVE;
				CLANG_CXX_LANGUAGE_STANDARD = "gnu++14";
				CLANG_CXX_LIBRARY = "libc++";
				CLANG_ENABLE_MODULES = YES;
				CLANG_ENABLE_OBJC_ARC = YES;
				CLANG_ENABLE_OBJC_WEAK = YES;
				CLANG_WARN_BLOCK_CAPTURE_AUTORELEASING = YES;
				CLANG_WARN_BOOL_CONVERSION = YES;
				CLANG_WARN_COMMA = YES;
				CLANG_WARN_CONSTANT_CONVERSION = YES;
				CLANG_WARN_DEPRECATED_OBJC_IMPLEMENTATIONS = YES;
				CLANG_WARN_DIRECT_OBJC_ISA_USAGE = YES_ERROR;
				CLANG_WARN_DOCUMENTATION_COMMENTS = YES;
				CLANG_WARN_EMPTY_BODY = YES;
				CLANG_WARN_ENUM_CONVERSION = YES;
				CLANG_WARN_INFINITE_RECURSION = YES;
				CLANG_WARN_INT_CONVERSION = YES;
				CLANG_WARN_NON_LITERAL_NULL_CONVERSION = YES;
				CLANG_WARN_OBJC_IMPLICIT_RETAIN_SELF = YES;
				CLANG_WARN_OBJC_LITERAL_CONVERSION = YES;
				CLANG_WARN_OBJC_ROOT_CLASS = YES_ERROR;
				CLANG_WARN_RANGE_LOOP_ANALYSIS = YES;
				CLANG_WARN_STRICT_PROTOTYPES = YES;
				CLANG_WARN_SUSPICIOUS_MOVE = YES;
				CLANG_WARN_UNGUARDED_AVAILABILITY = YES_AGGRESSIVE;
				CLANG_WARN_UNREACHABLE_CODE = YES;
				CLANG_WARN__DUPLICATE_METHOD_MATCH = YES;
				CODE_SIGN_IDENTITY = "iPhone Developer";
				COPY_PHASE_STRIP = NO;
				DEBUG_INFORMATION_FORMAT = "dwarf-with-dsym";
				ENABLE_NS_ASSERTIONS = NO;
				ENABLE_STRICT_OBJC_MSGSEND = YES;
				GCC_C_LANGUAGE_STANDARD = gnu11;
				GCC_NO_COMMON_BLOCKS = YES;
				GCC_WARN_64_TO_32_BIT_CONVERSION = YES;
				GCC_WARN_ABOUT_RETURN_TYPE = YES_ERROR;
				GCC_WARN_UNDECLARED_SELECTOR = YES;
				GCC_WARN_UNINITIALIZED_AUTOS = YES_AGGRESSIVE;
				GCC_WARN_UNUSED_FUNCTION = YES;
				GCC_WARN_UNUSED_VARIABLE = YES;
				IPHONEOS_DEPLOYMENT_TARGET = 11.4;
				MTL_ENABLE_DEBUG_INFO = NO;
				SDKROOT = iphoneos;
				SWIFT_COMPILATION_MODE = wholemodule;
				SWIFT_OPTIMIZATION_LEVEL = "-O";
				VALIDATE_PRODUCT = YES;
			};
			name = Release;
		};
		EB1F1CB42116F6020004659B /* Debug */ = {
			isa = XCBuildConfiguration;
			buildSettings = {
				ASSETCATALOG_COMPILER_APPICON_NAME = AppIcon;
				CODE_SIGN_STYLE = Automatic;
				DEVELOPMENT_TEAM = WQY8DUZBB2;
				INFOPLIST_FILE = EnglishForStudents/Info.plist;
				LD_RUNPATH_SEARCH_PATHS = (
					"$(inherited)",
					"@executable_path/Frameworks",
				);
				PRODUCT_BUNDLE_IDENTIFIER = TrungNguyen.EnglishForStudents;
				PRODUCT_NAME = "$(TARGET_NAME)";
				SWIFT_VERSION = 4.0;
				TARGETED_DEVICE_FAMILY = "1,2";
			};
			name = Debug;
		};
		EB1F1CB52116F6020004659B /* Release */ = {
			isa = XCBuildConfiguration;
			buildSettings = {
				ASSETCATALOG_COMPILER_APPICON_NAME = AppIcon;
				CODE_SIGN_STYLE = Automatic;
				DEVELOPMENT_TEAM = WQY8DUZBB2;
				INFOPLIST_FILE = EnglishForStudents/Info.plist;
				LD_RUNPATH_SEARCH_PATHS = (
					"$(inherited)",
					"@executable_path/Frameworks",
				);
				PRODUCT_BUNDLE_IDENTIFIER = TrungNguyen.EnglishForStudents;
				PRODUCT_NAME = "$(TARGET_NAME)";
				SWIFT_VERSION = 4.0;
				TARGETED_DEVICE_FAMILY = "1,2";
			};
			name = Release;
		};
		EB1F1CB72116F6020004659B /* Debug */ = {
			isa = XCBuildConfiguration;
			buildSettings = {
				ALWAYS_EMBED_SWIFT_STANDARD_LIBRARIES = YES;
				BUNDLE_LOADER = "$(TEST_HOST)";
				CODE_SIGN_STYLE = Automatic;
				DEVELOPMENT_TEAM = WQY8DUZBB2;
				INFOPLIST_FILE = EnglishForStudentsTests/Info.plist;
				LD_RUNPATH_SEARCH_PATHS = (
					"$(inherited)",
					"@executable_path/Frameworks",
					"@loader_path/Frameworks",
				);
				PRODUCT_BUNDLE_IDENTIFIER = TrungNguyen.EnglishForStudentsTests;
				PRODUCT_NAME = "$(TARGET_NAME)";
				SWIFT_VERSION = 4.0;
				TARGETED_DEVICE_FAMILY = "1,2";
				TEST_HOST = "$(BUILT_PRODUCTS_DIR)/EnglishForStudents.app/EnglishForStudents";
			};
			name = Debug;
		};
		EB1F1CB82116F6020004659B /* Release */ = {
			isa = XCBuildConfiguration;
			buildSettings = {
				ALWAYS_EMBED_SWIFT_STANDARD_LIBRARIES = YES;
				BUNDLE_LOADER = "$(TEST_HOST)";
				CODE_SIGN_STYLE = Automatic;
				DEVELOPMENT_TEAM = WQY8DUZBB2;
				INFOPLIST_FILE = EnglishForStudentsTests/Info.plist;
				LD_RUNPATH_SEARCH_PATHS = (
					"$(inherited)",
					"@executable_path/Frameworks",
					"@loader_path/Frameworks",
				);
				PRODUCT_BUNDLE_IDENTIFIER = TrungNguyen.EnglishForStudentsTests;
				PRODUCT_NAME = "$(TARGET_NAME)";
				SWIFT_VERSION = 4.0;
				TARGETED_DEVICE_FAMILY = "1,2";
				TEST_HOST = "$(BUILT_PRODUCTS_DIR)/EnglishForStudents.app/EnglishForStudents";
			};
			name = Release;
		};
		EB1F1CBA2116F6020004659B /* Debug */ = {
			isa = XCBuildConfiguration;
			buildSettings = {
				ALWAYS_EMBED_SWIFT_STANDARD_LIBRARIES = YES;
				CODE_SIGN_STYLE = Automatic;
				DEVELOPMENT_TEAM = WQY8DUZBB2;
				INFOPLIST_FILE = EnglishForStudentsUITests/Info.plist;
				LD_RUNPATH_SEARCH_PATHS = (
					"$(inherited)",
					"@executable_path/Frameworks",
					"@loader_path/Frameworks",
				);
				PRODUCT_BUNDLE_IDENTIFIER = TrungNguyen.EnglishForStudentsUITests;
				PRODUCT_NAME = "$(TARGET_NAME)";
				SWIFT_VERSION = 4.0;
				TARGETED_DEVICE_FAMILY = "1,2";
				TEST_TARGET_NAME = EnglishForStudents;
			};
			name = Debug;
		};
		EB1F1CBB2116F6020004659B /* Release */ = {
			isa = XCBuildConfiguration;
			buildSettings = {
				ALWAYS_EMBED_SWIFT_STANDARD_LIBRARIES = YES;
				CODE_SIGN_STYLE = Automatic;
				DEVELOPMENT_TEAM = WQY8DUZBB2;
				INFOPLIST_FILE = EnglishForStudentsUITests/Info.plist;
				LD_RUNPATH_SEARCH_PATHS = (
					"$(inherited)",
					"@executable_path/Frameworks",
					"@loader_path/Frameworks",
				);
				PRODUCT_BUNDLE_IDENTIFIER = TrungNguyen.EnglishForStudentsUITests;
				PRODUCT_NAME = "$(TARGET_NAME)";
				SWIFT_VERSION = 4.0;
				TARGETED_DEVICE_FAMILY = "1,2";
				TEST_TARGET_NAME = EnglishForStudents;
			};
			name = Release;
		};
/* End XCBuildConfiguration section */

/* Begin XCConfigurationList section */
		EB1F1C832116F5F90004659B /* Build configuration list for PBXProject "EnglishForStudents" */ = {
			isa = XCConfigurationList;
			buildConfigurations = (
				EB1F1CB12116F6020004659B /* Debug */,
				EB1F1CB22116F6020004659B /* Release */,
			);
			defaultConfigurationIsVisible = 0;
			defaultConfigurationName = Release;
		};
		EB1F1CB32116F6020004659B /* Build configuration list for PBXNativeTarget "EnglishForStudents" */ = {
			isa = XCConfigurationList;
			buildConfigurations = (
				EB1F1CB42116F6020004659B /* Debug */,
				EB1F1CB52116F6020004659B /* Release */,
			);
			defaultConfigurationIsVisible = 0;
			defaultConfigurationName = Release;
		};
		EB1F1CB62116F6020004659B /* Build configuration list for PBXNativeTarget "EnglishForStudentsTests" */ = {
			isa = XCConfigurationList;
			buildConfigurations = (
				EB1F1CB72116F6020004659B /* Debug */,
				EB1F1CB82116F6020004659B /* Release */,
			);
			defaultConfigurationIsVisible = 0;
			defaultConfigurationName = Release;
		};
		EB1F1CB92116F6020004659B /* Build configuration list for PBXNativeTarget "EnglishForStudentsUITests" */ = {
			isa = XCConfigurationList;
			buildConfigurations = (
				EB1F1CBA2116F6020004659B /* Debug */,
				EB1F1CBB2116F6020004659B /* Release */,
			);
			defaultConfigurationIsVisible = 0;
			defaultConfigurationName = Release;
		};
/* End XCConfigurationList section */

/* Begin XCVersionGroup section */
		EB1F1C922116F5F90004659B /* EnglishForStudents.xcdatamodeld */ = {
			isa = XCVersionGroup;
			children = (
				EB1F1C932116F5F90004659B /* EnglishForStudents.xcdatamodel */,
			);
			currentVersion = EB1F1C932116F5F90004659B /* EnglishForStudents.xcdatamodel */;
			path = EnglishForStudents.xcdatamodeld;
			sourceTree = "<group>";
			versionGroupType = wrapper.xcdatamodel;
		};
/* End XCVersionGroup section */
	};
	rootObject = EB1F1C802116F5F90004659B /* Project object */;
}
